
Microsoft Visual Studio Solution File, Format Version 12.00
# Visual Studio 2013
VisualStudioVersion = 12.0.31101.0
MinimumVisualStudioVersion = 10.0.40219.1
Project("{FAE04EC0-301F-11D3-BF4B-00C04F79EFBC}") = "11.ExtractBitNumberThree", "ExtractBitNumberThree\11.ExtractBitNumberThree.csproj", "{ED9579F2-0BBD-48D1-B4A1-5AF7353011A1}"
EndProject
Project("{FAE04EC0-301F-11D3-BF4B-00C04F79EFBC}") = "13.CheckBitGivenPosition", "CheckBitGivenPosition\13.CheckBitGivenPosition.csproj", "{B624FFC3-EC20-4ADC-8D59-D2E4BCA0D6A9}"
EndProject
Project("{FAE04EC0-301F-11D3-BF4B-00C04F79EFBC}") = "01.OddOrEven", "OddOrEven\01.OddOrEven.csproj", "{6DD9C878-75EB-4113-8021-40EC7C820D90}"
EndProject
Project("{FAE04EC0-301F-11D3-BF4B-00C04F79EFBC}") = "02.GravitationOnTheMoon", "GravitationOnTheMoon\02.GravitationOnTheMoon.csproj", "{8BD3563A-5A7D-4193-B368-280E966B317B}"
EndProject
Project("{FAE04EC0-301F-11D3-BF4B-00C04F79EFBC}") = "03.DivideBy7N5", "DivideBy7N5\03.DivideBy7N5.csproj", "{F80CAA17-5438-4176-BAF2-73F34E81FAFC}"
EndProject
Project("{FAE04EC0-301F-11D3-BF4B-00C04F79EFBC}") = "05.IsThirdDigit7", "IsThirdDigit7\05.IsThirdDigit7.csproj", "{4CAFF0D5-ABCE-4793-A8CC-E4BE72AFFD44}"
EndProject
Project("{FAE04EC0-301F-11D3-BF4B-00C04F79EFBC}") = "06.FourDigitNumber", "FourDigitNumber\06.FourDigitNumber.csproj", "{7DE58470-0AAC-435F-BD1C-142C8B0DAD6F}"
EndProject
Project("{FAE04EC0-301F-11D3-BF4B-00C04F79EFBC}") = "07.PointInACircle", "PointInACircle\07.PointInACircle.csproj", "{A21D025C-90D5-4AAA-A47B-9FDE1DD98E5E}"
EndProject
Project("{FAE04EC0-301F-11D3-BF4B-00C04F79EFBC}") = "08.PrimeNumberCheck", "PrimeNumberCheck\08.PrimeNumberCheck.csproj", "{1D3A19A8-EA91-4522-BE4D-333EF3C55313}"
EndProject
Project("{FAE04EC0-301F-11D3-BF4B-00C04F79EFBC}") = "09.Trapezoid", "Trapezoid\09.Trapezoid.csproj", "{0A4175DB-9AFD-44FB-A9FB-FED6FBC9EC91}"
EndProject
Project("{FAE04EC0-301F-11D3-BF4B-00C04F79EFBC}") = "10.PointInsideCircleNOutsideRectangle", "PointInsideCircleNOutsideRectangle\10.PointInsideCircleNOutsideRectangle.csproj", "{B95ED7AA-AB1C-467C-B80B-1DFF3F98E356}"
EndProject
Project("{FAE04EC0-301F-11D3-BF4B-00C04F79EFBC}") = "04.Rectangles", "Rectangles\04.Rectangles.csproj", "{B4145762-06A0-4206-8D09-7EA096E4AC25}"
EndProject
Project("{FAE04EC0-301F-11D3-BF4B-00C04F79EFBC}") = "12.ExtractBitFromInt", "ExtractBitFromInt\12.ExtractBitFromInt.csproj", "{6861A28D-5EB7-411C-9583-1A59A7389E99}"
EndProject
Project("{FAE04EC0-301F-11D3-BF4B-00C04F79EFBC}") = "14.ModifyBitGivenPosition", "ModifyBitGivenPosition\14.ModifyBitGivenPosition.csproj", "{5107CAEB-0B24-4023-BD6B-55B9AB8FEF5A}"
EndProject
Global
	GlobalSection(SolutionConfigurationPlatforms) = preSolution
		Debug|Any CPU = Debug|Any CPU
		Release|Any CPU = Release|Any CPU
	EndGlobalSection
	GlobalSection(ProjectConfigurationPlatforms) = postSolution
		{ED9579F2-0BBD-48D1-B4A1-5AF7353011A1}.Debug|Any CPU.ActiveCfg = Debug|Any CPU
		{ED9579F2-0BBD-48D1-B4A1-5AF7353011A1}.Debug|Any CPU.Build.0 = Debug|Any CPU
		{ED9579F2-0BBD-48D1-B4A1-5AF7353011A1}.Release|Any CPU.ActiveCfg = Release|Any CPU
		{ED9579F2-0BBD-48D1-B4A1-5AF7353011A1}.Release|Any CPU.Build.0 = Release|Any CPU
		{B624FFC3-EC20-4ADC-8D59-D2E4BCA0D6A9}.Debug|Any CPU.ActiveCfg = Debug|Any CPU
		{B624FFC3-EC20-4ADC-8D59-D2E4BCA0D6A9}.Debug|Any CPU.Build.0 = Debug|Any CPU
		{B624FFC3-EC20-4ADC-8D59-D2E4BCA0D6A9}.Release|Any CPU.ActiveCfg = Release|Any CPU
		{B624FFC3-EC20-4ADC-8D59-D2E4BCA0D6A9}.Release|Any CPU.Build.0 = Release|Any CPU
		{6DD9C878-75EB-4113-8021-40EC7C820D90}.Debug|Any CPU.ActiveCfg = Debug|Any CPU
		{6DD9C878-75EB-4113-8021-40EC7C820D90}.Debug|Any CPU.Build.0 = Debug|Any CPU
		{6DD9C878-75EB-4113-8021-40EC7C820D90}.Release|Any CPU.ActiveCfg = Release|Any CPU
		{6DD9C878-75EB-4113-8021-40EC7C820D90}.Release|Any CPU.Build.0 = Release|Any CPU
		{8BD3563A-5A7D-4193-B368-280E966B317B}.Debug|Any CPU.ActiveCfg = Debug|Any CPU
		{8BD3563A-5A7D-4193-B368-280E966B317B}.Debug|Any CPU.Build.0 = Debug|Any CPU
		{8BD3563A-5A7D-4193-B368-280E966B317B}.Release|Any CPU.ActiveCfg = Release|Any CPU
		{8BD3563A-5A7D-4193-B368-280E966B317B}.Release|Any CPU.Build.0 = Release|Any CPU
		{F80CAA17-5438-4176-BAF2-73F34E81FAFC}.Debug|Any CPU.ActiveCfg = Debug|Any CPU
		{F80CAA17-5438-4176-BAF2-73F34E81FAFC}.Debug|Any CPU.Build.0 = Debug|Any CPU
		{F80CAA17-5438-4176-BAF2-73F34E81FAFC}.Release|Any CPU.ActiveCfg = Release|Any CPU
		{F80CAA17-5438-4176-BAF2-73F34E81FAFC}.Release|Any CPU.Build.0 = Release|Any CPU
		{4CAFF0D5-ABCE-4793-A8CC-E4BE72AFFD44}.Debug|Any CPU.ActiveCfg = Debug|Any CPU
		{4CAFF0D5-ABCE-4793-A8CC-E4BE72AFFD44}.Debug|Any CPU.Build.0 = Debug|Any CPU
		{4CAFF0D5-ABCE-4793-A8CC-E4BE72AFFD44}.Release|Any CPU.ActiveCfg = Release|Any CPU
		{4CAFF0D5-ABCE-4793-A8CC-E4BE72AFFD44}.Release|Any CPU.Build.0 = Release|Any CPU
		{7DE58470-0AAC-435F-BD1C-142C8B0DAD6F}.Debug|Any CPU.ActiveCfg = Debug|Any CPU
		{7DE58470-0AAC-435F-BD1C-142C8B0DAD6F}.Debug|Any CPU.Build.0 = Debug|Any CPU
		{7DE58470-0AAC-435F-BD1C-142C8B0DAD6F}.Release|Any CPU.ActiveCfg = Release|Any CPU
		{7DE58470-0AAC-435F-BD1C-142C8B0DAD6F}.Release|Any CPU.Build.0 = Release|Any CPU
		{A21D025C-90D5-4AAA-A47B-9FDE1DD98E5E}.Debug|Any CPU.ActiveCfg = Debug|Any CPU
		{A21D025C-90D5-4AAA-A47B-9FDE1DD98E5E}.Debug|Any CPU.Build.0 = Debug|Any CPU
		{A21D025C-90D5-4AAA-A47B-9FDE1DD98E5E}.Release|Any CPU.ActiveCfg = Release|Any CPU
		{A21D025C-90D5-4AAA-A47B-9FDE1DD98E5E}.Release|Any CPU.Build.0 = Release|Any CPU
		{1D3A19A8-EA91-4522-BE4D-333EF3C55313}.Debug|Any CPU.ActiveCfg = Debug|Any CPU
		{1D3A19A8-EA91-4522-BE4D-333EF3C55313}.Debug|Any CPU.Build.0 = Debug|Any CPU
		{1D3A19A8-EA91-4522-BE4D-333EF3C55313}.Release|Any CPU.ActiveCfg = Release|Any CPU
		{1D3A19A8-EA91-4522-BE4D-333EF3C55313}.Release|Any CPU.Build.0 = Release|Any CPU
		{0A4175DB-9AFD-44FB-A9FB-FED6FBC9EC91}.Debug|Any CPU.ActiveCfg = Debug|Any CPU
		{0A4175DB-9AFD-44FB-A9FB-FED6FBC9EC91}.Debug|Any CPU.Build.0 = Debug|Any CPU
		{0A4175DB-9AFD-44FB-A9FB-FED6FBC9EC91}.Release|Any CPU.ActiveCfg = Release|Any CPU
		{0A4175DB-9AFD-44FB-A9FB-FED6FBC9EC91}.Release|Any CPU.Build.0 = Release|Any CPU
		{B95ED7AA-AB1C-467C-B80B-1DFF3F98E356}.Debug|Any CPU.ActiveCfg = Debug|Any CPU
		{B95ED7AA-AB1C-467C-B80B-1DFF3F98E356}.Debug|Any CPU.Build.0 = Debug|Any CPU
		{B95ED7AA-AB1C-467C-B80B-1DFF3F98E356}.Release|Any CPU.ActiveCfg = Release|Any CPU
		{B95ED7AA-AB1C-467C-B80B-1DFF3F98E356}.Release|Any CPU.Build.0 = Release|Any CPU
		{B4145762-06A0-4206-8D09-7EA096E4AC25}.Debug|Any CPU.ActiveCfg = Debug|Any CPU
		{B4145762-06A0-4206-8D09-7EA096E4AC25}.Debug|Any CPU.Build.0 = Debug|Any CPU
		{B4145762-06A0-4206-8D09-7EA096E4AC25}.Release|Any CPU.ActiveCfg = Release|Any CPU
		{B4145762-06A0-4206-8D09-7EA096E4AC25}.Release|Any CPU.Build.0 = Release|Any CPU
		{6861A28D-5EB7-411C-9583-1A59A7389E99}.Debug|Any CPU.ActiveCfg = Debug|Any CPU
		{6861A28D-5EB7-411C-9583-1A59A7389E99}.Debug|Any CPU.Build.0 = Debug|Any CPU
		{6861A28D-5EB7-411C-9583-1A59A7389E99}.Release|Any CPU.ActiveCfg = Release|Any CPU
		{6861A28D-5EB7-411C-9583-1A59A7389E99}.Release|Any CPU.Build.0 = Release|Any CPU
		{5107CAEB-0B24-4023-BD6B-55B9AB8FEF5A}.Debug|Any CPU.ActiveCfg = Debug|Any CPU
		{5107CAEB-0B24-4023-BD6B-55B9AB8FEF5A}.Debug|Any CPU.Build.0 = Debug|Any CPU
		{5107CAEB-0B24-4023-BD6B-55B9AB8FEF5A}.Release|Any CPU.ActiveCfg = Release|Any CPU
		{5107CAEB-0B24-4023-BD6B-55B9AB8FEF5A}.Release|Any CPU.Build.0 = Release|Any CPU
	EndGlobalSection
	GlobalSection(SolutionProperties) = preSolution
		HideSolutionNode = FALSE
	EndGlobalSection
EndGlobal
